<?xml version="1.0" encoding="utf-8"?>
<Project ToolsVersion="4.0" xmlns="http://schemas.microsoft.com/developer/msbuild/2003">
  <ItemGroup>
    <Filter Include="리소스 파일">
      <UniqueIdentifier>{67DA6AB6-F800-4c08-8B7A-83BB121AAD01}</UniqueIdentifier>
      <Extensions>rc;ico;cur;bmp;dlg;rc2;rct;bin;rgs;gif;jpg;jpeg;jpe;resx;tiff;tif;png;wav;mfcribbon-ms</Extensions>
    </Filter>
    <Filter Include="Define">
      <UniqueIdentifier>{b16ebd21-6e07-4afd-b03c-46a7e1356c3c}</UniqueIdentifier>
    </Filter>
    <Filter Include="Engine">
      <UniqueIdentifier>{0b6d5aa2-86d5-41e9-9c39-405857bc068b}</UniqueIdentifier>
    </Filter>
    <Filter Include="Engine\01.Header">
      <UniqueIdentifier>{40887dee-a04a-40a7-ab90-31adf704f763}</UniqueIdentifier>
    </Filter>
    <Filter Include="Engine\02.Core">
      <UniqueIdentifier>{e9a3a072-11b5-4a4f-a198-23cd7be8c70f}</UniqueIdentifier>
    </Filter>
    <Filter Include="Engine\03.Manager">
      <UniqueIdentifier>{b6caf18c-2e85-4bf2-bf2b-801f743c334d}</UniqueIdentifier>
    </Filter>
    <Filter Include="Engine\04.Object">
      <UniqueIdentifier>{e7970f50-c296-4554-91a2-a2f2281efea4}</UniqueIdentifier>
    </Filter>
    <Filter Include="Engine\05.Scene">
      <UniqueIdentifier>{3cac53df-2b5d-4729-becd-b758e20a5383}</UniqueIdentifier>
    </Filter>
    <Filter Include="Engine\06.Shader">
      <UniqueIdentifier>{6fca2d2d-dbdf-49e2-bed0-9dd6a0cc0a9c}</UniqueIdentifier>
    </Filter>
    <Filter Include="Engine\03.Manager\Key">
      <UniqueIdentifier>{9f8df2c2-d356-4ecf-a4af-bb6a5af8304c}</UniqueIdentifier>
    </Filter>
    <Filter Include="Engine\03.Manager\Scene">
      <UniqueIdentifier>{667cdd5b-20ce-4ef7-aa54-7e14153add10}</UniqueIdentifier>
    </Filter>
    <Filter Include="Engine\03.Manager\Time">
      <UniqueIdentifier>{4a9e9ec5-810c-4f7b-bf0c-7aa3a1943f93}</UniqueIdentifier>
    </Filter>
    <Filter Include="Engine\05.Scene\TestScene">
      <UniqueIdentifier>{0d7cb774-05ab-43c4-9b19-8ec95ade1f9e}</UniqueIdentifier>
    </Filter>
    <Filter Include="Engine\04.Object\Road">
      <UniqueIdentifier>{3fea483b-1663-41a3-ab78-e81b4d3ba380}</UniqueIdentifier>
    </Filter>
    <Filter Include="Engine\04.Object\Obstacle">
      <UniqueIdentifier>{d8ba0b9e-c58c-4998-a1d1-6f716db5d4a5}</UniqueIdentifier>
    </Filter>
  </ItemGroup>
  <ItemGroup>
    <ClInclude Include="framework.h">
      <Filter>Define</Filter>
    </ClInclude>
    <ClInclude Include="Game.h">
      <Filter>Define</Filter>
    </ClInclude>
    <ClInclude Include="Resource.h">
      <Filter>Define</Filter>
    </ClInclude>
    <ClInclude Include="targetver.h">
      <Filter>Define</Filter>
    </ClInclude>
    <ClInclude Include="define.h">
      <Filter>Engine\01.Header</Filter>
    </ClInclude>
    <ClInclude Include="Core.h">
      <Filter>Engine\02.Core</Filter>
    </ClInclude>
    <ClInclude Include="KeyMgr.h">
      <Filter>Engine\03.Manager\Key</Filter>
    </ClInclude>
    <ClInclude Include="TimeMgr.h">
      <Filter>Engine\03.Manager\Time</Filter>
    </ClInclude>
    <ClInclude Include="SceneMgr.h">
      <Filter>Engine\03.Manager\Scene</Filter>
    </ClInclude>
    <ClInclude Include="Camera.h">
      <Filter>Engine\04.Object</Filter>
    </ClInclude>
    <ClInclude Include="Object.h">
      <Filter>Engine\04.Object</Filter>
    </ClInclude>
    <ClInclude Include="Mesh.h">
      <Filter>Engine\04.Object</Filter>
    </ClInclude>
    <ClInclude Include="TestScene.h">
      <Filter>Engine\05.Scene\TestScene</Filter>
    </ClInclude>
    <ClInclude Include="Scene.h">
      <Filter>Engine\05.Scene</Filter>
    </ClInclude>
    <ClInclude Include="Shader.h">
      <Filter>Engine\06.Shader</Filter>
    </ClInclude>
    <ClInclude Include="Road.h">
      <Filter>Engine\04.Object\Road</Filter>
    </ClInclude>
    <ClInclude Include="Obstacle.h">
      <Filter>Engine\04.Object\Obstacle</Filter>
    </ClInclude>
    <ClInclude Include="stdafx.h">
      <Filter>Engine\01.Header</Filter>
    </ClInclude>
  </ItemGroup>
  <ItemGroup>
    <ResourceCompile Include="Game.rc">
      <Filter>리소스 파일</Filter>
    </ResourceCompile>
  </ItemGroup>
  <ItemGroup>
    <Image Include="small.ico">
      <Filter>리소스 파일</Filter>
    </Image>
    <Image Include="Game.ico">
      <Filter>리소스 파일</Filter>
    </Image>
  </ItemGroup>
  <ItemGroup>
    <ClCompile Include="Game.cpp">
      <Filter>Engine</Filter>
    </ClCompile>
    <ClCompile Include="Core.cpp">
      <Filter>Engine\02.Core</Filter>
    </ClCompile>
    <ClCompile Include="KeyMgr.cpp">
      <Filter>Engine\03.Manager\Key</Filter>
    </ClCompile>
    <ClCompile Include="TimeMgr.cpp">
      <Filter>Engine\03.Manager\Time</Filter>
    </ClCompile>
    <ClCompile Include="SceneMgr.cpp">
      <Filter>Engine\03.Manager\Scene</Filter>
    </ClCompile>
    <ClCompile Include="Camera.cpp">
      <Filter>Engine\04.Object</Filter>
    </ClCompile>
    <ClCompile Include="Object.cpp">
      <Filter>Engine\04.Object</Filter>
    </ClCompile>
    <ClCompile Include="Mesh.cpp">
      <Filter>Engine\04.Object</Filter>
    </ClCompile>
    <ClCompile Include="TestScene.cpp">
      <Filter>Engine\05.Scene\TestScene</Filter>
    </ClCompile>
    <ClCompile Include="Scene.cpp">
      <Filter>Engine\05.Scene</Filter>
    </ClCompile>
    <ClCompile Include="Shader.cpp">
      <Filter>Engine\06.Shader</Filter>
    </ClCompile>
    <ClCompile Include="Road.cpp">
      <Filter>Engine\04.Object\Road</Filter>
    </ClCompile>
    <ClCompile Include="Obstacle.cpp">
      <Filter>Engine\04.Object\Obstacle</Filter>
    </ClCompile>
    <ClCompile Include="stdafx.cpp">
      <Filter>Engine\01.Header</Filter>
    </ClCompile>
  </ItemGroup>
  <ItemGroup>
    <FxCompile Include="Shaders.hlsl">
      <Filter>Engine\06.Shader</Filter>
    </FxCompile>
  </ItemGroup>
</Project>